// !$*UTF8*$!
{
	archiveVersion = 1;
	classes = {
	};
	objectVersion = 51;
	objects = {

/* Begin PBXBuildFile section */
		25F21C7D8FB5704AD3248A93 /* Pods_Diet_Science_WatchKit_App.framework in Frameworks */ = {isa = PBXBuildFile; fileRef = 765708B4244854A1AB9E74A5 /* Pods_Diet_Science_WatchKit_App.framework */; };
		5BA6FBFD247881E800BAAD82 /* Auth0.plist in Resources */ = {isa = PBXBuildFile; fileRef = 5BA6FBFC247881E800BAAD82 /* Auth0.plist */; };
		5BCD23922473554A0008EBE8 /* Network.swift in Sources */ = {isa = PBXBuildFile; fileRef = 5BCD23912473554A0008EBE8 /* Network.swift */; };
		5BCD2394247358240008EBE8 /* API.swift in Sources */ = {isa = PBXBuildFile; fileRef = 5BCD2393247358240008EBE8 /* API.swift */; };
		5BCD23962475BBEB0008EBE8 /* DateScalarType.swift in Sources */ = {isa = PBXBuildFile; fileRef = 5BCD23952475BBEB0008EBE8 /* DateScalarType.swift */; };
		5BCD239C2475DAD90008EBE8 /* GraphQLEventSampleStore.swift in Sources */ = {isa = PBXBuildFile; fileRef = 5BCD239A2475CEC30008EBE8 /* GraphQLEventSampleStore.swift */; };
		5BDD33382462460F0048E424 /* AppDelegate.swift in Sources */ = {isa = PBXBuildFile; fileRef = 5BDD33372462460F0048E424 /* AppDelegate.swift */; };
		5BDD333A2462460F0048E424 /* SceneDelegate.swift in Sources */ = {isa = PBXBuildFile; fileRef = 5BDD33392462460F0048E424 /* SceneDelegate.swift */; };
		5BDD333C2462460F0048E424 /* ContentView.swift in Sources */ = {isa = PBXBuildFile; fileRef = 5BDD333B2462460F0048E424 /* ContentView.swift */; };
		5BDD333E246246130048E424 /* Assets.xcassets in Resources */ = {isa = PBXBuildFile; fileRef = 5BDD333D246246130048E424 /* Assets.xcassets */; };
		5BDD3341246246130048E424 /* Preview Assets.xcassets in Resources */ = {isa = PBXBuildFile; fileRef = 5BDD3340246246130048E424 /* Preview Assets.xcassets */; };
		5BDD3344246246130048E424 /* LaunchScreen.storyboard in Resources */ = {isa = PBXBuildFile; fileRef = 5BDD3342246246130048E424 /* LaunchScreen.storyboard */; };
		5BDD334F246246130048E424 /* Diet_ScienceTests.swift in Sources */ = {isa = PBXBuildFile; fileRef = 5BDD334E246246130048E424 /* Diet_ScienceTests.swift */; };
		5BDD335A246246130048E424 /* Diet_ScienceUITests.swift in Sources */ = {isa = PBXBuildFile; fileRef = 5BDD3359246246130048E424 /* Diet_ScienceUITests.swift */; };
		5BDD335F246246130048E424 /* Diet Science WatchKit App.app in Embed Watch Content */ = {isa = PBXBuildFile; fileRef = 5BDD335E246246130048E424 /* Diet Science WatchKit App.app */; settings = {ATTRIBUTES = (RemoveHeadersOnCopy, ); }; };
		5BDD3365246246130048E424 /* Interface.storyboard in Resources */ = {isa = PBXBuildFile; fileRef = 5BDD3363246246130048E424 /* Interface.storyboard */; };
		5BDD3367246246140048E424 /* Assets.xcassets in Resources */ = {isa = PBXBuildFile; fileRef = 5BDD3366246246140048E424 /* Assets.xcassets */; };
		5BDD336E246246140048E424 /* Diet Science WatchKit Extension.appex in Embed App Extensions */ = {isa = PBXBuildFile; fileRef = 5BDD336D246246140048E424 /* Diet Science WatchKit Extension.appex */; settings = {ATTRIBUTES = (RemoveHeadersOnCopy, ); }; };
		5BDD3373246246140048E424 /* ContentView.swift in Sources */ = {isa = PBXBuildFile; fileRef = 5BDD3372246246140048E424 /* ContentView.swift */; };
		5BDD3375246246140048E424 /* HostingController.swift in Sources */ = {isa = PBXBuildFile; fileRef = 5BDD3374246246140048E424 /* HostingController.swift */; };
		5BDD3377246246140048E424 /* ExtensionDelegate.swift in Sources */ = {isa = PBXBuildFile; fileRef = 5BDD3376246246140048E424 /* ExtensionDelegate.swift */; };
		5BDD3379246246140048E424 /* NotificationController.swift in Sources */ = {isa = PBXBuildFile; fileRef = 5BDD3378246246140048E424 /* NotificationController.swift */; };
		5BDD337B246246140048E424 /* NotificationView.swift in Sources */ = {isa = PBXBuildFile; fileRef = 5BDD337A246246140048E424 /* NotificationView.swift */; };
		5BDD337D246246140048E424 /* ComplicationController.swift in Sources */ = {isa = PBXBuildFile; fileRef = 5BDD337C246246140048E424 /* ComplicationController.swift */; };
		5BDD337F246246150048E424 /* Assets.xcassets in Resources */ = {isa = PBXBuildFile; fileRef = 5BDD337E246246150048E424 /* Assets.xcassets */; };
		5BDD3382246246150048E424 /* Preview Assets.xcassets in Resources */ = {isa = PBXBuildFile; fileRef = 5BDD3381246246150048E424 /* Preview Assets.xcassets */; };
		5BDD339D24635F5F0048E424 /* MapView.swift in Sources */ = {isa = PBXBuildFile; fileRef = 5BDD339C24635F5F0048E424 /* MapView.swift */; };
		5BDD33A024636DD90048E424 /* EventType.swift in Sources */ = {isa = PBXBuildFile; fileRef = 5BDD339F24636DD90048E424 /* EventType.swift */; };
		5BDD33A3246374530048E424 /* Scale.swift in Sources */ = {isa = PBXBuildFile; fileRef = 5BDD33A2246374530048E424 /* Scale.swift */; };
		5BDD33A824637A4A0048E424 /* LoggingGroup.swift in Sources */ = {isa = PBXBuildFile; fileRef = 5BDD33A724637A4A0048E424 /* LoggingGroup.swift */; };
		5BDD33AC2463823B0048E424 /* Metadata.swift in Sources */ = {isa = PBXBuildFile; fileRef = 5BDD33AB2463823B0048E424 /* Metadata.swift */; };
		5BDD33AD24638C0B0048E424 /* LoggingGroupRow.swift in Sources */ = {isa = PBXBuildFile; fileRef = 5BDD33A924637B0D0048E424 /* LoggingGroupRow.swift */; };
		5BDD33AE24638C210048E424 /* CircleImage.swift in Sources */ = {isa = PBXBuildFile; fileRef = 5BDD339A24635D6D0048E424 /* CircleImage.swift */; };
		5BDD33AF24638C9B0048E424 /* Metadata.swift in Sources */ = {isa = PBXBuildFile; fileRef = 5BDD33AB2463823B0048E424 /* Metadata.swift */; };
		5BDD33B024638C9B0048E424 /* EventType.swift in Sources */ = {isa = PBXBuildFile; fileRef = 5BDD339F24636DD90048E424 /* EventType.swift */; };
		5BDD33B124638C9B0048E424 /* Scale.swift in Sources */ = {isa = PBXBuildFile; fileRef = 5BDD33A2246374530048E424 /* Scale.swift */; };
		5BDD33B224638C9B0048E424 /* LoggingGroup.swift in Sources */ = {isa = PBXBuildFile; fileRef = 5BDD33A724637A4A0048E424 /* LoggingGroup.swift */; };
		5BDD33B624638FCD0048E424 /* LogGroupView.swift in Sources */ = {isa = PBXBuildFile; fileRef = 5BDD33B524638FCD0048E424 /* LogGroupView.swift */; };
		5BDD33B8246395880048E424 /* CircleImage.swift in Sources */ = {isa = PBXBuildFile; fileRef = 5BDD339A24635D6D0048E424 /* CircleImage.swift */; };
		5BDD33BA24639D490048E424 /* OrdinalLogEventView.swift in Sources */ = {isa = PBXBuildFile; fileRef = 5BDD33B924639D490048E424 /* OrdinalLogEventView.swift */; };
		5BDD33BC24648D950048E424 /* EventSample.swift in Sources */ = {isa = PBXBuildFile; fileRef = 5BDD33BB24648D950048E424 /* EventSample.swift */; };
		5BDD33BD2464911A0048E424 /* EventSample.swift in Sources */ = {isa = PBXBuildFile; fileRef = 5BDD33BB24648D950048E424 /* EventSample.swift */; };
		5BDD33BF246604C00048E424 /* EventSampleStore.swift in Sources */ = {isa = PBXBuildFile; fileRef = 5BDD33BE246604BF0048E424 /* EventSampleStore.swift */; };
		5BDD33C42466209E0048E424 /* EventSampleStore.swift in Sources */ = {isa = PBXBuildFile; fileRef = 5BDD33BE246604BF0048E424 /* EventSampleStore.swift */; };
		5BDD33C5246620A10048E424 /* EventSampleStore.swift in Sources */ = {isa = PBXBuildFile; fileRef = 5BDD33BE246604BF0048E424 /* EventSampleStore.swift */; };
		5BDD33C6246620A10048E424 /* EventSampleStore.swift in Sources */ = {isa = PBXBuildFile; fileRef = 5BDD33BE246604BF0048E424 /* EventSampleStore.swift */; };
		7B10D03B153B06C88711B143 /* Pods_Diet_Science.framework in Frameworks */ = {isa = PBXBuildFile; fileRef = F03390A80095B2D40ECCE473 /* Pods_Diet_Science.framework */; };
		7D302082D7696054CBCBFD40 /* Pods_Diet_Science_WatchKit_Extension.framework in Frameworks */ = {isa = PBXBuildFile; fileRef = 6B5AB7EA40AD14F5A74BFB4F /* Pods_Diet_Science_WatchKit_Extension.framework */; };
		BD3FC7B779FBEB361BE04D8E /* Pods_Diet_Science_Diet_ScienceUITests.framework in Frameworks */ = {isa = PBXBuildFile; fileRef = 21952D621D8E4777418BD866 /* Pods_Diet_Science_Diet_ScienceUITests.framework */; };
		C1109FD18D5BF31FF58FFB1D /* Pods_Diet_ScienceTests.framework in Frameworks */ = {isa = PBXBuildFile; fileRef = 1547A204BF5613FA9FA1BBB3 /* Pods_Diet_ScienceTests.framework */; };
/* End PBXBuildFile section */

/* Begin PBXContainerItemProxy section */
		5BDD334B246246130048E424 /* PBXContainerItemProxy */ = {
			isa = PBXContainerItemProxy;
			containerPortal = 5BDD332C2462460F0048E424 /* Project object */;
			proxyType = 1;
			remoteGlobalIDString = 5BDD33332462460F0048E424;
			remoteInfo = "Diet Science";
		};
		5BDD3356246246130048E424 /* PBXContainerItemProxy */ = {
			isa = PBXContainerItemProxy;
			containerPortal = 5BDD332C2462460F0048E424 /* Project object */;
			proxyType = 1;
			remoteGlobalIDString = 5BDD33332462460F0048E424;
			remoteInfo = "Diet Science";
		};
		5BDD3360246246130048E424 /* PBXContainerItemProxy */ = {
			isa = PBXContainerItemProxy;
			containerPortal = 5BDD332C2462460F0048E424 /* Project object */;
			proxyType = 1;
			remoteGlobalIDString = 5BDD335D246246130048E424;
			remoteInfo = "Diet Science WatchKit App";
		};
		5BDD336F246246140048E424 /* PBXContainerItemProxy */ = {
			isa = PBXContainerItemProxy;
			containerPortal = 5BDD332C2462460F0048E424 /* Project object */;
			proxyType = 1;
			remoteGlobalIDString = 5BDD336C246246140048E424;
			remoteInfo = "Diet Science WatchKit Extension";
		};
/* End PBXContainerItemProxy section */

/* Begin PBXCopyFilesBuildPhase section */
		5BDD338A246246150048E424 /* Embed App Extensions */ = {
			isa = PBXCopyFilesBuildPhase;
			buildActionMask = 2147483647;
			dstPath = "";
			dstSubfolderSpec = 13;
			files = (
				5BDD336E246246140048E424 /* Diet Science WatchKit Extension.appex in Embed App Extensions */,
			);
			name = "Embed App Extensions";
			runOnlyForDeploymentPostprocessing = 0;
		};
		5BDD338E246246150048E424 /* Embed Watch Content */ = {
			isa = PBXCopyFilesBuildPhase;
			buildActionMask = 2147483647;
			dstPath = "$(CONTENTS_FOLDER_PATH)/Watch";
			dstSubfolderSpec = 16;
			files = (
				5BDD335F246246130048E424 /* Diet Science WatchKit App.app in Embed Watch Content */,
			);
			name = "Embed Watch Content";
			runOnlyForDeploymentPostprocessing = 0;
		};
/* End PBXCopyFilesBuildPhase section */

/* Begin PBXFileReference section */
		091D1421AD26051FA0A1CA49 /* Pods-Diet Science-Diet ScienceUITests.release.xcconfig */ = {isa = PBXFileReference; includeInIndex = 1; lastKnownFileType = text.xcconfig; name = "Pods-Diet Science-Diet ScienceUITests.release.xcconfig"; path = "Target Support Files/Pods-Diet Science-Diet ScienceUITests/Pods-Diet Science-Diet ScienceUITests.release.xcconfig"; sourceTree = "<group>"; };
		1547A204BF5613FA9FA1BBB3 /* Pods_Diet_ScienceTests.framework */ = {isa = PBXFileReference; explicitFileType = wrapper.framework; includeInIndex = 0; path = Pods_Diet_ScienceTests.framework; sourceTree = BUILT_PRODUCTS_DIR; };
		21952D621D8E4777418BD866 /* Pods_Diet_Science_Diet_ScienceUITests.framework */ = {isa = PBXFileReference; explicitFileType = wrapper.framework; includeInIndex = 0; path = Pods_Diet_Science_Diet_ScienceUITests.framework; sourceTree = BUILT_PRODUCTS_DIR; };
		22F1236EC3319D2BD649B4BC /* Pods-Diet Science WatchKit Extension.debug.xcconfig */ = {isa = PBXFileReference; includeInIndex = 1; lastKnownFileType = text.xcconfig; name = "Pods-Diet Science WatchKit Extension.debug.xcconfig"; path = "Target Support Files/Pods-Diet Science WatchKit Extension/Pods-Diet Science WatchKit Extension.debug.xcconfig"; sourceTree = "<group>"; };
		291AAE7EB070BE1A07CF0E5C /* Pods-Diet Science WatchKit App.debug.xcconfig */ = {isa = PBXFileReference; includeInIndex = 1; lastKnownFileType = text.xcconfig; name = "Pods-Diet Science WatchKit App.debug.xcconfig"; path = "Target Support Files/Pods-Diet Science WatchKit App/Pods-Diet Science WatchKit App.debug.xcconfig"; sourceTree = "<group>"; };
		5BA6FBFC247881E800BAAD82 /* Auth0.plist */ = {isa = PBXFileReference; lastKnownFileType = text.plist.xml; path = Auth0.plist; sourceTree = "<group>"; };
		5BCD238E24734E610008EBE8 /* schema.json */ = {isa = PBXFileReference; lastKnownFileType = text.json; path = schema.json; sourceTree = "<group>"; };
		5BCD238F247353F00008EBE8 /* EventSampleList.graphql */ = {isa = PBXFileReference; lastKnownFileType = text; path = EventSampleList.graphql; sourceTree = "<group>"; };
		5BCD23912473554A0008EBE8 /* Network.swift */ = {isa = PBXFileReference; lastKnownFileType = sourcecode.swift; path = Network.swift; sourceTree = "<group>"; };
		5BCD2393247358240008EBE8 /* API.swift */ = {isa = PBXFileReference; fileEncoding = 4; lastKnownFileType = sourcecode.swift; path = API.swift; sourceTree = "<group>"; };
		5BCD23952475BBEB0008EBE8 /* DateScalarType.swift */ = {isa = PBXFileReference; lastKnownFileType = sourcecode.swift; path = DateScalarType.swift; sourceTree = "<group>"; };
		5BCD23982475CDDC0008EBE8 /* CreateEventSamples.graphql */ = {isa = PBXFileReference; lastKnownFileType = text; path = CreateEventSamples.graphql; sourceTree = "<group>"; };
		5BCD239A2475CEC30008EBE8 /* GraphQLEventSampleStore.swift */ = {isa = PBXFileReference; lastKnownFileType = sourcecode.swift; path = GraphQLEventSampleStore.swift; sourceTree = "<group>"; };
		5BDD33342462460F0048E424 /* Diet Science.app */ = {isa = PBXFileReference; explicitFileType = wrapper.application; includeInIndex = 0; path = "Diet Science.app"; sourceTree = BUILT_PRODUCTS_DIR; };
		5BDD33372462460F0048E424 /* AppDelegate.swift */ = {isa = PBXFileReference; lastKnownFileType = sourcecode.swift; path = AppDelegate.swift; sourceTree = "<group>"; };
		5BDD33392462460F0048E424 /* SceneDelegate.swift */ = {isa = PBXFileReference; lastKnownFileType = sourcecode.swift; path = SceneDelegate.swift; sourceTree = "<group>"; };
		5BDD333B2462460F0048E424 /* ContentView.swift */ = {isa = PBXFileReference; lastKnownFileType = sourcecode.swift; path = ContentView.swift; sourceTree = "<group>"; };
		5BDD333D246246130048E424 /* Assets.xcassets */ = {isa = PBXFileReference; lastKnownFileType = folder.assetcatalog; path = Assets.xcassets; sourceTree = "<group>"; };
		5BDD3340246246130048E424 /* Preview Assets.xcassets */ = {isa = PBXFileReference; lastKnownFileType = folder.assetcatalog; path = "Preview Assets.xcassets"; sourceTree = "<group>"; };
		5BDD3343246246130048E424 /* Base */ = {isa = PBXFileReference; lastKnownFileType = file.storyboard; name = Base; path = Base.lproj/LaunchScreen.storyboard; sourceTree = "<group>"; };
		5BDD3345246246130048E424 /* Info.plist */ = {isa = PBXFileReference; lastKnownFileType = text.plist.xml; path = Info.plist; sourceTree = "<group>"; };
		5BDD334A246246130048E424 /* Diet ScienceTests.xctest */ = {isa = PBXFileReference; explicitFileType = wrapper.cfbundle; includeInIndex = 0; path = "Diet ScienceTests.xctest"; sourceTree = BUILT_PRODUCTS_DIR; };
		5BDD334E246246130048E424 /* Diet_ScienceTests.swift */ = {isa = PBXFileReference; lastKnownFileType = sourcecode.swift; path = Diet_ScienceTests.swift; sourceTree = "<group>"; };
		5BDD3350246246130048E424 /* Info.plist */ = {isa = PBXFileReference; lastKnownFileType = text.plist.xml; path = Info.plist; sourceTree = "<group>"; };
		5BDD3355246246130048E424 /* Diet ScienceUITests.xctest */ = {isa = PBXFileReference; explicitFileType = wrapper.cfbundle; includeInIndex = 0; path = "Diet ScienceUITests.xctest"; sourceTree = BUILT_PRODUCTS_DIR; };
		5BDD3359246246130048E424 /* Diet_ScienceUITests.swift */ = {isa = PBXFileReference; lastKnownFileType = sourcecode.swift; path = Diet_ScienceUITests.swift; sourceTree = "<group>"; };
		5BDD335B246246130048E424 /* Info.plist */ = {isa = PBXFileReference; lastKnownFileType = text.plist.xml; path = Info.plist; sourceTree = "<group>"; };
		5BDD335E246246130048E424 /* Diet Science WatchKit App.app */ = {isa = PBXFileReference; explicitFileType = wrapper.application; includeInIndex = 0; path = "Diet Science WatchKit App.app"; sourceTree = BUILT_PRODUCTS_DIR; };
		5BDD3364246246130048E424 /* Base */ = {isa = PBXFileReference; lastKnownFileType = file.storyboard; name = Base; path = Base.lproj/Interface.storyboard; sourceTree = "<group>"; };
		5BDD3366246246140048E424 /* Assets.xcassets */ = {isa = PBXFileReference; lastKnownFileType = folder.assetcatalog; path = Assets.xcassets; sourceTree = "<group>"; };
		5BDD3368246246140048E424 /* Info.plist */ = {isa = PBXFileReference; lastKnownFileType = text.plist.xml; path = Info.plist; sourceTree = "<group>"; };
		5BDD336D246246140048E424 /* Diet Science WatchKit Extension.appex */ = {isa = PBXFileReference; explicitFileType = "wrapper.app-extension"; includeInIndex = 0; path = "Diet Science WatchKit Extension.appex"; sourceTree = BUILT_PRODUCTS_DIR; };
		5BDD3372246246140048E424 /* ContentView.swift */ = {isa = PBXFileReference; lastKnownFileType = sourcecode.swift; path = ContentView.swift; sourceTree = "<group>"; };
		5BDD3374246246140048E424 /* HostingController.swift */ = {isa = PBXFileReference; lastKnownFileType = sourcecode.swift; path = HostingController.swift; sourceTree = "<group>"; };
		5BDD3376246246140048E424 /* ExtensionDelegate.swift */ = {isa = PBXFileReference; lastKnownFileType = sourcecode.swift; path = ExtensionDelegate.swift; sourceTree = "<group>"; };
		5BDD3378246246140048E424 /* NotificationController.swift */ = {isa = PBXFileReference; lastKnownFileType = sourcecode.swift; path = NotificationController.swift; sourceTree = "<group>"; };
		5BDD337A246246140048E424 /* NotificationView.swift */ = {isa = PBXFileReference; lastKnownFileType = sourcecode.swift; path = NotificationView.swift; sourceTree = "<group>"; };
		5BDD337C246246140048E424 /* ComplicationController.swift */ = {isa = PBXFileReference; lastKnownFileType = sourcecode.swift; path = ComplicationController.swift; sourceTree = "<group>"; };
		5BDD337E246246150048E424 /* Assets.xcassets */ = {isa = PBXFileReference; lastKnownFileType = folder.assetcatalog; path = Assets.xcassets; sourceTree = "<group>"; };
		5BDD3381246246150048E424 /* Preview Assets.xcassets */ = {isa = PBXFileReference; lastKnownFileType = folder.assetcatalog; path = "Preview Assets.xcassets"; sourceTree = "<group>"; };
		5BDD3383246246150048E424 /* Info.plist */ = {isa = PBXFileReference; lastKnownFileType = text.plist.xml; path = Info.plist; sourceTree = "<group>"; };
		5BDD3384246246150048E424 /* PushNotificationPayload.apns */ = {isa = PBXFileReference; lastKnownFileType = text; path = PushNotificationPayload.apns; sourceTree = "<group>"; };
		5BDD339A24635D6D0048E424 /* CircleImage.swift */ = {isa = PBXFileReference; lastKnownFileType = sourcecode.swift; path = CircleImage.swift; sourceTree = "<group>"; };
		5BDD339C24635F5F0048E424 /* MapView.swift */ = {isa = PBXFileReference; lastKnownFileType = sourcecode.swift; path = MapView.swift; sourceTree = "<group>"; };
		5BDD339F24636DD90048E424 /* EventType.swift */ = {isa = PBXFileReference; lastKnownFileType = sourcecode.swift; path = EventType.swift; sourceTree = "<group>"; };
		5BDD33A1246374020048E424 /* README.md */ = {isa = PBXFileReference; lastKnownFileType = net.daringfireball.markdown; path = README.md; sourceTree = "<group>"; };
		5BDD33A2246374530048E424 /* Scale.swift */ = {isa = PBXFileReference; lastKnownFileType = sourcecode.swift; path = Scale.swift; sourceTree = "<group>"; };
		5BDD33A724637A4A0048E424 /* LoggingGroup.swift */ = {isa = PBXFileReference; lastKnownFileType = sourcecode.swift; path = LoggingGroup.swift; sourceTree = "<group>"; };
		5BDD33A924637B0D0048E424 /* LoggingGroupRow.swift */ = {isa = PBXFileReference; lastKnownFileType = sourcecode.swift; path = LoggingGroupRow.swift; sourceTree = "<group>"; };
		5BDD33AB2463823B0048E424 /* Metadata.swift */ = {isa = PBXFileReference; lastKnownFileType = sourcecode.swift; path = Metadata.swift; sourceTree = "<group>"; };
		5BDD33B524638FCD0048E424 /* LogGroupView.swift */ = {isa = PBXFileReference; lastKnownFileType = sourcecode.swift; path = LogGroupView.swift; sourceTree = "<group>"; };
		5BDD33B924639D490048E424 /* OrdinalLogEventView.swift */ = {isa = PBXFileReference; lastKnownFileType = sourcecode.swift; path = OrdinalLogEventView.swift; sourceTree = "<group>"; };
		5BDD33BB24648D950048E424 /* EventSample.swift */ = {isa = PBXFileReference; lastKnownFileType = sourcecode.swift; path = EventSample.swift; sourceTree = "<group>"; };
		5BDD33BE246604BF0048E424 /* EventSampleStore.swift */ = {isa = PBXFileReference; lastKnownFileType = sourcecode.swift; path = EventSampleStore.swift; sourceTree = "<group>"; };
		6B5AB7EA40AD14F5A74BFB4F /* Pods_Diet_Science_WatchKit_Extension.framework */ = {isa = PBXFileReference; explicitFileType = wrapper.framework; includeInIndex = 0; path = Pods_Diet_Science_WatchKit_Extension.framework; sourceTree = BUILT_PRODUCTS_DIR; };
		765708B4244854A1AB9E74A5 /* Pods_Diet_Science_WatchKit_App.framework */ = {isa = PBXFileReference; explicitFileType = wrapper.framework; includeInIndex = 0; path = Pods_Diet_Science_WatchKit_App.framework; sourceTree = BUILT_PRODUCTS_DIR; };
		83360FA1027F363BD215CE66 /* Pods-Diet Science WatchKit Extension.release.xcconfig */ = {isa = PBXFileReference; includeInIndex = 1; lastKnownFileType = text.xcconfig; name = "Pods-Diet Science WatchKit Extension.release.xcconfig"; path = "Target Support Files/Pods-Diet Science WatchKit Extension/Pods-Diet Science WatchKit Extension.release.xcconfig"; sourceTree = "<group>"; };
		83A7102538C75DEEBCE4A805 /* Pods-Diet Science-Diet ScienceUITests.debug.xcconfig */ = {isa = PBXFileReference; includeInIndex = 1; lastKnownFileType = text.xcconfig; name = "Pods-Diet Science-Diet ScienceUITests.debug.xcconfig"; path = "Target Support Files/Pods-Diet Science-Diet ScienceUITests/Pods-Diet Science-Diet ScienceUITests.debug.xcconfig"; sourceTree = "<group>"; };
		ABBA6189569201285A0B5452 /* Pods-Diet Science WatchKit App.release.xcconfig */ = {isa = PBXFileReference; includeInIndex = 1; lastKnownFileType = text.xcconfig; name = "Pods-Diet Science WatchKit App.release.xcconfig"; path = "Target Support Files/Pods-Diet Science WatchKit App/Pods-Diet Science WatchKit App.release.xcconfig"; sourceTree = "<group>"; };
		D0C0096AFCDDE1BBB5E56F78 /* Pods-Diet Science.release.xcconfig */ = {isa = PBXFileReference; includeInIndex = 1; lastKnownFileType = text.xcconfig; name = "Pods-Diet Science.release.xcconfig"; path = "Target Support Files/Pods-Diet Science/Pods-Diet Science.release.xcconfig"; sourceTree = "<group>"; };
		DE89325D71D99083C3BA4B70 /* Pods-Diet ScienceTests.debug.xcconfig */ = {isa = PBXFileReference; includeInIndex = 1; lastKnownFileType = text.xcconfig; name = "Pods-Diet ScienceTests.debug.xcconfig"; path = "Target Support Files/Pods-Diet ScienceTests/Pods-Diet ScienceTests.debug.xcconfig"; sourceTree = "<group>"; };
		DF6598CEE4975579A3F440F2 /* Pods-Diet Science.debug.xcconfig */ = {isa = PBXFileReference; includeInIndex = 1; lastKnownFileType = text.xcconfig; name = "Pods-Diet Science.debug.xcconfig"; path = "Target Support Files/Pods-Diet Science/Pods-Diet Science.debug.xcconfig"; sourceTree = "<group>"; };
		F03390A80095B2D40ECCE473 /* Pods_Diet_Science.framework */ = {isa = PBXFileReference; explicitFileType = wrapper.framework; includeInIndex = 0; path = Pods_Diet_Science.framework; sourceTree = BUILT_PRODUCTS_DIR; };
		FE8E9F1F6FE8A0122A43634E /* Pods-Diet ScienceTests.release.xcconfig */ = {isa = PBXFileReference; includeInIndex = 1; lastKnownFileType = text.xcconfig; name = "Pods-Diet ScienceTests.release.xcconfig"; path = "Target Support Files/Pods-Diet ScienceTests/Pods-Diet ScienceTests.release.xcconfig"; sourceTree = "<group>"; };
/* End PBXFileReference section */

/* Begin PBXFrameworksBuildPhase section */
		5BDD33312462460F0048E424 /* Frameworks */ = {
			isa = PBXFrameworksBuildPhase;
			buildActionMask = 2147483647;
			files = (
				7B10D03B153B06C88711B143 /* Pods_Diet_Science.framework in Frameworks */,
			);
			runOnlyForDeploymentPostprocessing = 0;
		};
		5BDD3347246246130048E424 /* Frameworks */ = {
			isa = PBXFrameworksBuildPhase;
			buildActionMask = 2147483647;
			files = (
				C1109FD18D5BF31FF58FFB1D /* Pods_Diet_ScienceTests.framework in Frameworks */,
			);
			runOnlyForDeploymentPostprocessing = 0;
		};
		5BDD3352246246130048E424 /* Frameworks */ = {
			isa = PBXFrameworksBuildPhase;
			buildActionMask = 2147483647;
			files = (
				BD3FC7B779FBEB361BE04D8E /* Pods_Diet_Science_Diet_ScienceUITests.framework in Frameworks */,
			);
			runOnlyForDeploymentPostprocessing = 0;
		};
		5BDD336A246246140048E424 /* Frameworks */ = {
			isa = PBXFrameworksBuildPhase;
			buildActionMask = 2147483647;
			files = (
				7D302082D7696054CBCBFD40 /* Pods_Diet_Science_WatchKit_Extension.framework in Frameworks */,
			);
			runOnlyForDeploymentPostprocessing = 0;
		};
		AC5D9F08549524388531ECD8 /* Frameworks */ = {
			isa = PBXFrameworksBuildPhase;
			buildActionMask = 2147483647;
			files = (
				25F21C7D8FB5704AD3248A93 /* Pods_Diet_Science_WatchKit_App.framework in Frameworks */,
			);
			runOnlyForDeploymentPostprocessing = 0;
		};
/* End PBXFrameworksBuildPhase section */

/* Begin PBXGroup section */
		2949BD1C69FC5E6FD99FE2AA /* Pods */ = {
			isa = PBXGroup;
			children = (
				DF6598CEE4975579A3F440F2 /* Pods-Diet Science.debug.xcconfig */,
				D0C0096AFCDDE1BBB5E56F78 /* Pods-Diet Science.release.xcconfig */,
				291AAE7EB070BE1A07CF0E5C /* Pods-Diet Science WatchKit App.debug.xcconfig */,
				ABBA6189569201285A0B5452 /* Pods-Diet Science WatchKit App.release.xcconfig */,
				22F1236EC3319D2BD649B4BC /* Pods-Diet Science WatchKit Extension.debug.xcconfig */,
				83360FA1027F363BD215CE66 /* Pods-Diet Science WatchKit Extension.release.xcconfig */,
				83A7102538C75DEEBCE4A805 /* Pods-Diet Science-Diet ScienceUITests.debug.xcconfig */,
				091D1421AD26051FA0A1CA49 /* Pods-Diet Science-Diet ScienceUITests.release.xcconfig */,
				DE89325D71D99083C3BA4B70 /* Pods-Diet ScienceTests.debug.xcconfig */,
				FE8E9F1F6FE8A0122A43634E /* Pods-Diet ScienceTests.release.xcconfig */,
			);
			path = Pods;
			sourceTree = "<group>";
		};
		5BCD238A247343270008EBE8 /* Frameworks */ = {
			isa = PBXGroup;
			children = (
				F03390A80095B2D40ECCE473 /* Pods_Diet_Science.framework */,
				765708B4244854A1AB9E74A5 /* Pods_Diet_Science_WatchKit_App.framework */,
				6B5AB7EA40AD14F5A74BFB4F /* Pods_Diet_Science_WatchKit_Extension.framework */,
				21952D621D8E4777418BD866 /* Pods_Diet_Science_Diet_ScienceUITests.framework */,
				1547A204BF5613FA9FA1BBB3 /* Pods_Diet_ScienceTests.framework */,
			);
			name = Frameworks;
			sourceTree = "<group>";
		};
		5BDD332B2462460F0048E424 = {
			isa = PBXGroup;
			children = (
				5BDD33A1246374020048E424 /* README.md */,
				5BDD33362462460F0048E424 /* Diet Science */,
				5BDD334D246246130048E424 /* Diet ScienceTests */,
				5BDD3358246246130048E424 /* Diet ScienceUITests */,
				5BDD3362246246130048E424 /* Diet Science WatchKit App */,
				5BDD3371246246140048E424 /* Diet Science WatchKit Extension */,
				5BDD33352462460F0048E424 /* Products */,
				5BCD238A247343270008EBE8 /* Frameworks */,
				2949BD1C69FC5E6FD99FE2AA /* Pods */,
			);
			sourceTree = "<group>";
		};
		5BDD33352462460F0048E424 /* Products */ = {
			isa = PBXGroup;
			children = (
				5BDD33342462460F0048E424 /* Diet Science.app */,
				5BDD334A246246130048E424 /* Diet ScienceTests.xctest */,
				5BDD3355246246130048E424 /* Diet ScienceUITests.xctest */,
				5BDD335E246246130048E424 /* Diet Science WatchKit App.app */,
				5BDD336D246246140048E424 /* Diet Science WatchKit Extension.appex */,
			);
			name = Products;
			sourceTree = "<group>";
		};
		5BDD33362462460F0048E424 /* Diet Science */ = {
			isa = PBXGroup;
			children = (
				5BDD33B7246395690048E424 /* Common Views */,
				5BDD33A4246379D60048E424 /* Resources */,
				5BDD339E24636D5F0048E424 /* Models */,
				5BDD33372462460F0048E424 /* AppDelegate.swift */,
				5BDD33392462460F0048E424 /* SceneDelegate.swift */,
				5BDD333B2462460F0048E424 /* ContentView.swift */,
				5BDD333D246246130048E424 /* Assets.xcassets */,
				5BDD3342246246130048E424 /* LaunchScreen.storyboard */,
				5BDD3345246246130048E424 /* Info.plist */,
				5BDD333F246246130048E424 /* Preview Content */,
				5BDD339C24635F5F0048E424 /* MapView.swift */,
			);
			path = "Diet Science";
			sourceTree = "<group>";
		};
		5BDD333F246246130048E424 /* Preview Content */ = {
			isa = PBXGroup;
			children = (
				5BDD3340246246130048E424 /* Preview Assets.xcassets */,
			);
			path = "Preview Content";
			sourceTree = "<group>";
		};
		5BDD334D246246130048E424 /* Diet ScienceTests */ = {
			isa = PBXGroup;
			children = (
				5BDD334E246246130048E424 /* Diet_ScienceTests.swift */,
				5BDD3350246246130048E424 /* Info.plist */,
			);
			path = "Diet ScienceTests";
			sourceTree = "<group>";
		};
		5BDD3358246246130048E424 /* Diet ScienceUITests */ = {
			isa = PBXGroup;
			children = (
				5BDD3359246246130048E424 /* Diet_ScienceUITests.swift */,
				5BDD335B246246130048E424 /* Info.plist */,
			);
			path = "Diet ScienceUITests";
			sourceTree = "<group>";
		};
		5BDD3362246246130048E424 /* Diet Science WatchKit App */ = {
			isa = PBXGroup;
			children = (
				5BDD3363246246130048E424 /* Interface.storyboard */,
				5BDD3366246246140048E424 /* Assets.xcassets */,
				5BDD3368246246140048E424 /* Info.plist */,
			);
			path = "Diet Science WatchKit App";
			sourceTree = "<group>";
		};
		5BDD3371246246140048E424 /* Diet Science WatchKit Extension */ = {
			isa = PBXGroup;
			children = (
				5BCD238E24734E610008EBE8 /* schema.json */,
				5BDD3372246246140048E424 /* ContentView.swift */,
				5BDD3374246246140048E424 /* HostingController.swift */,
				5BDD3376246246140048E424 /* ExtensionDelegate.swift */,
				5BDD33B524638FCD0048E424 /* LogGroupView.swift */,
				5BDD33B924639D490048E424 /* OrdinalLogEventView.swift */,
				5BDD33A924637B0D0048E424 /* LoggingGroupRow.swift */,
				5BDD3378246246140048E424 /* NotificationController.swift */,
				5BDD337A246246140048E424 /* NotificationView.swift */,
				5BDD337C246246140048E424 /* ComplicationController.swift */,
				5BDD337E246246150048E424 /* Assets.xcassets */,
				5BDD3383246246150048E424 /* Info.plist */,
				5BDD3384246246150048E424 /* PushNotificationPayload.apns */,
				5BDD3380246246150048E424 /* Preview Content */,
				5BCD238F247353F00008EBE8 /* EventSampleList.graphql */,
				5BCD23912473554A0008EBE8 /* Network.swift */,
				5BCD2393247358240008EBE8 /* API.swift */,
				5BCD23952475BBEB0008EBE8 /* DateScalarType.swift */,
				5BCD23982475CDDC0008EBE8 /* CreateEventSamples.graphql */,
				5BCD239A2475CEC30008EBE8 /* GraphQLEventSampleStore.swift */,
				5BA6FBFC247881E800BAAD82 /* Auth0.plist */,
			);
			path = "Diet Science WatchKit Extension";
			sourceTree = "<group>";
		};
		5BDD3380246246150048E424 /* Preview Content */ = {
			isa = PBXGroup;
			children = (
				5BDD3381246246150048E424 /* Preview Assets.xcassets */,
			);
			path = "Preview Content";
			sourceTree = "<group>";
		};
		5BDD339E24636D5F0048E424 /* Models */ = {
			isa = PBXGroup;
			children = (
				5BDD339F24636DD90048E424 /* EventType.swift */,
				5BDD33BB24648D950048E424 /* EventSample.swift */,
				5BDD33A2246374530048E424 /* Scale.swift */,
				5BDD33A724637A4A0048E424 /* LoggingGroup.swift */,
				5BDD33BE246604BF0048E424 /* EventSampleStore.swift */,
			);
			path = Models;
			sourceTree = "<group>";
		};
		5BDD33A4246379D60048E424 /* Resources */ = {
			isa = PBXGroup;
			children = (
				5BDD33AB2463823B0048E424 /* Metadata.swift */,
			);
			path = Resources;
			sourceTree = "<group>";
		};
		5BDD33B7246395690048E424 /* Common Views */ = {
			isa = PBXGroup;
			children = (
				5BDD339A24635D6D0048E424 /* CircleImage.swift */,
			);
			path = "Common Views";
			sourceTree = "<group>";
		};
/* End PBXGroup section */

/* Begin PBXNativeTarget section */
		5BDD33332462460F0048E424 /* Diet Science */ = {
			isa = PBXNativeTarget;
			buildConfigurationList = 5BDD338F246246150048E424 /* Build configuration list for PBXNativeTarget "Diet Science" */;
			buildPhases = (
				4B5C5316BF6AD786D533BB82 /* [CP] Check Pods Manifest.lock */,
				5BDD33302462460F0048E424 /* Sources */,
				5BDD33312462460F0048E424 /* Frameworks */,
				5BDD33322462460F0048E424 /* Resources */,
				5BDD338E246246150048E424 /* Embed Watch Content */,
				AE634BE6191C266269300847 /* [CP] Embed Pods Frameworks */,
			);
			buildRules = (
			);
			dependencies = (
				5BDD3361246246130048E424 /* PBXTargetDependency */,
			);
			name = "Diet Science";
			packageProductDependencies = (
			);
			productName = "Diet Science";
			productReference = 5BDD33342462460F0048E424 /* Diet Science.app */;
			productType = "com.apple.product-type.application";
		};
		5BDD3349246246130048E424 /* Diet ScienceTests */ = {
			isa = PBXNativeTarget;
			buildConfigurationList = 5BDD3392246246150048E424 /* Build configuration list for PBXNativeTarget "Diet ScienceTests" */;
			buildPhases = (
				EF420FC2C9C76C0F1A715ED7 /* [CP] Check Pods Manifest.lock */,
				5BDD3346246246130048E424 /* Sources */,
				5BDD3347246246130048E424 /* Frameworks */,
				5BDD3348246246130048E424 /* Resources */,
			);
			buildRules = (
			);
			dependencies = (
				5BDD334C246246130048E424 /* PBXTargetDependency */,
			);
			name = "Diet ScienceTests";
			productName = "Diet ScienceTests";
			productReference = 5BDD334A246246130048E424 /* Diet ScienceTests.xctest */;
			productType = "com.apple.product-type.bundle.unit-test";
		};
		5BDD3354246246130048E424 /* Diet ScienceUITests */ = {
			isa = PBXNativeTarget;
			buildConfigurationList = 5BDD3395246246150048E424 /* Build configuration list for PBXNativeTarget "Diet ScienceUITests" */;
			buildPhases = (
				0562AF09E2279AD6BE6D0C47 /* [CP] Check Pods Manifest.lock */,
				5BDD3351246246130048E424 /* Sources */,
				5BDD3352246246130048E424 /* Frameworks */,
				5BDD3353246246130048E424 /* Resources */,
				BEC474674C567B27209FEFEC /* [CP] Embed Pods Frameworks */,
			);
			buildRules = (
			);
			dependencies = (
				5BDD3357246246130048E424 /* PBXTargetDependency */,
			);
			name = "Diet ScienceUITests";
			productName = "Diet ScienceUITests";
			productReference = 5BDD3355246246130048E424 /* Diet ScienceUITests.xctest */;
			productType = "com.apple.product-type.bundle.ui-testing";
		};
		5BDD335D246246130048E424 /* Diet Science WatchKit App */ = {
			isa = PBXNativeTarget;
			buildConfigurationList = 5BDD338B246246150048E424 /* Build configuration list for PBXNativeTarget "Diet Science WatchKit App" */;
			buildPhases = (
				66AC8780E2399B0F88A14740 /* [CP] Check Pods Manifest.lock */,
				5BDD335C246246130048E424 /* Resources */,
				5BDD338A246246150048E424 /* Embed App Extensions */,
				AC5D9F08549524388531ECD8 /* Frameworks */,
			);
			buildRules = (
			);
			dependencies = (
				5BDD3370246246140048E424 /* PBXTargetDependency */,
			);
			name = "Diet Science WatchKit App";
			productName = "Diet Science WatchKit App";
			productReference = 5BDD335E246246130048E424 /* Diet Science WatchKit App.app */;
			productType = "com.apple.product-type.application.watchapp2";
		};
		5BDD336C246246140048E424 /* Diet Science WatchKit Extension */ = {
			isa = PBXNativeTarget;
			buildConfigurationList = 5BDD3387246246150048E424 /* Build configuration list for PBXNativeTarget "Diet Science WatchKit Extension" */;
			buildPhases = (
				6333A3B4705BF6AD3D06797F /* [CP] Check Pods Manifest.lock */,
				5BCD238D247343760008EBE8 /* Generate Apollo GraphQL API */,
				5BDD3369246246140048E424 /* Sources */,
				5BDD336A246246140048E424 /* Frameworks */,
				5BDD336B246246140048E424 /* Resources */,
				3A0B7FC7ED00EC7AB6D21317 /* [CP] Embed Pods Frameworks */,
			);
			buildRules = (
			);
			dependencies = (
			);
			name = "Diet Science WatchKit Extension";
			packageProductDependencies = (
			);
			productName = "Diet Science WatchKit Extension";
			productReference = 5BDD336D246246140048E424 /* Diet Science WatchKit Extension.appex */;
			productType = "com.apple.product-type.watchkit2-extension";
		};
/* End PBXNativeTarget section */

/* Begin PBXProject section */
		5BDD332C2462460F0048E424 /* Project object */ = {
			isa = PBXProject;
			attributes = {
				LastSwiftUpdateCheck = 1140;
				LastUpgradeCheck = 1140;
				ORGANIZATIONNAME = "Bryan Chan";
				TargetAttributes = {
					5BDD33332462460F0048E424 = {
						CreatedOnToolsVersion = 11.4.1;
					};
					5BDD3349246246130048E424 = {
						CreatedOnToolsVersion = 11.4.1;
						TestTargetID = 5BDD33332462460F0048E424;
					};
					5BDD3354246246130048E424 = {
						CreatedOnToolsVersion = 11.4.1;
						TestTargetID = 5BDD33332462460F0048E424;
					};
					5BDD335D246246130048E424 = {
						CreatedOnToolsVersion = 11.4.1;
					};
					5BDD336C246246140048E424 = {
						CreatedOnToolsVersion = 11.4.1;
					};
				};
			};
			buildConfigurationList = 5BDD332F2462460F0048E424 /* Build configuration list for PBXProject "Diet Science" */;
			compatibilityVersion = "Xcode 9.3";
			developmentRegion = en;
			hasScannedForEncodings = 0;
			knownRegions = (
				en,
				Base,
			);
			mainGroup = 5BDD332B2462460F0048E424;
			packageReferences = (
			);
			productRefGroup = 5BDD33352462460F0048E424 /* Products */;
			projectDirPath = "";
			projectRoot = "";
			targets = (
				5BDD33332462460F0048E424 /* Diet Science */,
				5BDD3349246246130048E424 /* Diet ScienceTests */,
				5BDD3354246246130048E424 /* Diet ScienceUITests */,
				5BDD335D246246130048E424 /* Diet Science WatchKit App */,
				5BDD336C246246140048E424 /* Diet Science WatchKit Extension */,
			);
		};
/* End PBXProject section */

/* Begin PBXResourcesBuildPhase section */
		5BDD33322462460F0048E424 /* Resources */ = {
			isa = PBXResourcesBuildPhase;
			buildActionMask = 2147483647;
			files = (
				5BDD3344246246130048E424 /* LaunchScreen.storyboard in Resources */,
				5BDD3341246246130048E424 /* Preview Assets.xcassets in Resources */,
				5BDD333E246246130048E424 /* Assets.xcassets in Resources */,
			);
			runOnlyForDeploymentPostprocessing = 0;
		};
		5BDD3348246246130048E424 /* Resources */ = {
			isa = PBXResourcesBuildPhase;
			buildActionMask = 2147483647;
			files = (
			);
			runOnlyForDeploymentPostprocessing = 0;
		};
		5BDD3353246246130048E424 /* Resources */ = {
			isa = PBXResourcesBuildPhase;
			buildActionMask = 2147483647;
			files = (
			);
			runOnlyForDeploymentPostprocessing = 0;
		};
		5BDD335C246246130048E424 /* Resources */ = {
			isa = PBXResourcesBuildPhase;
			buildActionMask = 2147483647;
			files = (
				5BDD3367246246140048E424 /* Assets.xcassets in Resources */,
				5BDD3365246246130048E424 /* Interface.storyboard in Resources */,
			);
			runOnlyForDeploymentPostprocessing = 0;
		};
		5BDD336B246246140048E424 /* Resources */ = {
			isa = PBXResourcesBuildPhase;
			buildActionMask = 2147483647;
			files = (
				5BDD3382246246150048E424 /* Preview Assets.xcassets in Resources */,
				5BA6FBFD247881E800BAAD82 /* Auth0.plist in Resources */,
				5BDD337F246246150048E424 /* Assets.xcassets in Resources */,
			);
			runOnlyForDeploymentPostprocessing = 0;
		};
/* End PBXResourcesBuildPhase section */

/* Begin PBXShellScriptBuildPhase section */
		0562AF09E2279AD6BE6D0C47 /* [CP] Check Pods Manifest.lock */ = {
			isa = PBXShellScriptBuildPhase;
			buildActionMask = 2147483647;
			files = (
			);
			inputFileListPaths = (
			);
			inputPaths = (
				"${PODS_PODFILE_DIR_PATH}/Podfile.lock",
				"${PODS_ROOT}/Manifest.lock",
			);
			name = "[CP] Check Pods Manifest.lock";
			outputFileListPaths = (
			);
			outputPaths = (
				"$(DERIVED_FILE_DIR)/Pods-Diet Science-Diet ScienceUITests-checkManifestLockResult.txt",
			);
			runOnlyForDeploymentPostprocessing = 0;
			shellPath = /bin/sh;
			shellScript = "diff \"${PODS_PODFILE_DIR_PATH}/Podfile.lock\" \"${PODS_ROOT}/Manifest.lock\" > /dev/null\nif [ $? != 0 ] ; then\n    # print error to STDERR\n    echo \"error: The sandbox is not in sync with the Podfile.lock. Run 'pod install' or update your CocoaPods installation.\" >&2\n    exit 1\nfi\n# This output is used by Xcode 'outputs' to avoid re-running this script phase.\necho \"SUCCESS\" > \"${SCRIPT_OUTPUT_FILE_0}\"\n";
			showEnvVarsInLog = 0;
		};
		3A0B7FC7ED00EC7AB6D21317 /* [CP] Embed Pods Frameworks */ = {
			isa = PBXShellScriptBuildPhase;
			buildActionMask = 2147483647;
			files = (
			);
			inputFileListPaths = (
				"${PODS_ROOT}/Target Support Files/Pods-Diet Science WatchKit Extension/Pods-Diet Science WatchKit Extension-frameworks-${CONFIGURATION}-input-files.xcfilelist",
			);
			name = "[CP] Embed Pods Frameworks";
			outputFileListPaths = (
				"${PODS_ROOT}/Target Support Files/Pods-Diet Science WatchKit Extension/Pods-Diet Science WatchKit Extension-frameworks-${CONFIGURATION}-output-files.xcfilelist",
			);
			runOnlyForDeploymentPostprocessing = 0;
			shellPath = /bin/sh;
			shellScript = "\"${PODS_ROOT}/Target Support Files/Pods-Diet Science WatchKit Extension/Pods-Diet Science WatchKit Extension-frameworks.sh\"\n";
			showEnvVarsInLog = 0;
		};
		4B5C5316BF6AD786D533BB82 /* [CP] Check Pods Manifest.lock */ = {
			isa = PBXShellScriptBuildPhase;
			buildActionMask = 2147483647;
			files = (
			);
			inputFileListPaths = (
			);
			inputPaths = (
				"${PODS_PODFILE_DIR_PATH}/Podfile.lock",
				"${PODS_ROOT}/Manifest.lock",
			);
			name = "[CP] Check Pods Manifest.lock";
			outputFileListPaths = (
			);
			outputPaths = (
				"$(DERIVED_FILE_DIR)/Pods-Diet Science-checkManifestLockResult.txt",
			);
			runOnlyForDeploymentPostprocessing = 0;
			shellPath = /bin/sh;
			shellScript = "diff \"${PODS_PODFILE_DIR_PATH}/Podfile.lock\" \"${PODS_ROOT}/Manifest.lock\" > /dev/null\nif [ $? != 0 ] ; then\n    # print error to STDERR\n    echo \"error: The sandbox is not in sync with the Podfile.lock. Run 'pod install' or update your CocoaPods installation.\" >&2\n    exit 1\nfi\n# This output is used by Xcode 'outputs' to avoid re-running this script phase.\necho \"SUCCESS\" > \"${SCRIPT_OUTPUT_FILE_0}\"\n";
			showEnvVarsInLog = 0;
		};
		5BCD238D247343760008EBE8 /* Generate Apollo GraphQL API */ = {
			isa = PBXShellScriptBuildPhase;
			buildActionMask = 2147483647;
			files = (
			);
			inputFileListPaths = (
			);
			inputPaths = (
			);
			name = "Generate Apollo GraphQL API";
			outputFileListPaths = (
			);
			outputPaths = (
			);
			runOnlyForDeploymentPostprocessing = 0;
			shellPath = /bin/sh;
			shellScript = "# Go to the build root and search up the chain to find the Derived Data Path where the source packages are checked out.\nDERIVED_DATA_CANDIDATE=\"${BUILD_ROOT}\"\n\nwhile ! [ -d \"${DERIVED_DATA_CANDIDATE}/SourcePackages\" ]; do\n  if [ \"${DERIVED_DATA_CANDIDATE}\" = / ]; then\n    echo >&2 \"error: Unable to locate SourcePackages directory from BUILD_ROOT: '${BUILD_ROOT}'\"\n    exit 1\n  fi\n\n  DERIVED_DATA_CANDIDATE=\"$(dirname \"${DERIVED_DATA_CANDIDATE}\")\"\ndone\n\n# Grab a reference to the directory where scripts are checked out\nSCRIPT_PATH=\"${DERIVED_DATA_CANDIDATE}/SourcePackages/checkouts/apollo-ios/scripts\"\n\nif [ -z \"${SCRIPT_PATH}\" ]; then\n    echo >&2 \"error: Couldn't find the CLI script in your checked out SPM packages; make sure to add the framework to your project.\"\n    exit 1\nfi\n\ncd \"${SRCROOT}/${TARGET_NAME}\"\ndate > current_date\n\"${SCRIPT_PATH}\"/run-bundled-codegen.sh codegen:generate --target=swift --includes=./**/*.graphql --localSchemaFile=\"schema.json\" API.swift --passthroughCustomScalars\n\n# Added in passing through custom scalars to handle Date types\n# As recommended here:\n# https://github.com/apollographql/apollo-ios/issues/262\n";
		};
		6333A3B4705BF6AD3D06797F /* [CP] Check Pods Manifest.lock */ = {
			isa = PBXShellScriptBuildPhase;
			buildActionMask = 2147483647;
			files = (
			);
			inputFileListPaths = (
			);
			inputPaths = (
				"${PODS_PODFILE_DIR_PATH}/Podfile.lock",
				"${PODS_ROOT}/Manifest.lock",
			);
			name = "[CP] Check Pods Manifest.lock";
			outputFileListPaths = (
			);
			outputPaths = (
				"$(DERIVED_FILE_DIR)/Pods-Diet Science WatchKit Extension-checkManifestLockResult.txt",
			);
			runOnlyForDeploymentPostprocessing = 0;
			shellPath = /bin/sh;
			shellScript = "diff \"${PODS_PODFILE_DIR_PATH}/Podfile.lock\" \"${PODS_ROOT}/Manifest.lock\" > /dev/null\nif [ $? != 0 ] ; then\n    # print error to STDERR\n    echo \"error: The sandbox is not in sync with the Podfile.lock. Run 'pod install' or update your CocoaPods installation.\" >&2\n    exit 1\nfi\n# This output is used by Xcode 'outputs' to avoid re-running this script phase.\necho \"SUCCESS\" > \"${SCRIPT_OUTPUT_FILE_0}\"\n";
			showEnvVarsInLog = 0;
		};
		66AC8780E2399B0F88A14740 /* [CP] Check Pods Manifest.lock */ = {
			isa = PBXShellScriptBuildPhase;
			buildActionMask = 2147483647;
			files = (
			);
			inputFileListPaths = (
			);
			inputPaths = (
				"${PODS_PODFILE_DIR_PATH}/Podfile.lock",
				"${PODS_ROOT}/Manifest.lock",
			);
			name = "[CP] Check Pods Manifest.lock";
			outputFileListPaths = (
			);
			outputPaths = (
				"$(DERIVED_FILE_DIR)/Pods-Diet Science WatchKit App-checkManifestLockResult.txt",
			);
			runOnlyForDeploymentPostprocessing = 0;
			shellPath = /bin/sh;
			shellScript = "diff \"${PODS_PODFILE_DIR_PATH}/Podfile.lock\" \"${PODS_ROOT}/Manifest.lock\" > /dev/null\nif [ $? != 0 ] ; then\n    # print error to STDERR\n    echo \"error: The sandbox is not in sync with the Podfile.lock. Run 'pod install' or update your CocoaPods installation.\" >&2\n    exit 1\nfi\n# This output is used by Xcode 'outputs' to avoid re-running this script phase.\necho \"SUCCESS\" > \"${SCRIPT_OUTPUT_FILE_0}\"\n";
			showEnvVarsInLog = 0;
		};
		AE634BE6191C266269300847 /* [CP] Embed Pods Frameworks */ = {
			isa = PBXShellScriptBuildPhase;
			buildActionMask = 2147483647;
			files = (
			);
			inputFileListPaths = (
				"${PODS_ROOT}/Target Support Files/Pods-Diet Science/Pods-Diet Science-frameworks-${CONFIGURATION}-input-files.xcfilelist",
			);
			name = "[CP] Embed Pods Frameworks";
			outputFileListPaths = (
				"${PODS_ROOT}/Target Support Files/Pods-Diet Science/Pods-Diet Science-frameworks-${CONFIGURATION}-output-files.xcfilelist",
			);
			runOnlyForDeploymentPostprocessing = 0;
			shellPath = /bin/sh;
			shellScript = "\"${PODS_ROOT}/Target Support Files/Pods-Diet Science/Pods-Diet Science-frameworks.sh\"\n";
			showEnvVarsInLog = 0;
		};
		BEC474674C567B27209FEFEC /* [CP] Embed Pods Frameworks */ = {
			isa = PBXShellScriptBuildPhase;
			buildActionMask = 2147483647;
			files = (
			);
			inputFileListPaths = (
				"${PODS_ROOT}/Target Support Files/Pods-Diet Science-Diet ScienceUITests/Pods-Diet Science-Diet ScienceUITests-frameworks-${CONFIGURATION}-input-files.xcfilelist",
			);
			name = "[CP] Embed Pods Frameworks";
			outputFileListPaths = (
				"${PODS_ROOT}/Target Support Files/Pods-Diet Science-Diet ScienceUITests/Pods-Diet Science-Diet ScienceUITests-frameworks-${CONFIGURATION}-output-files.xcfilelist",
			);
			runOnlyForDeploymentPostprocessing = 0;
			shellPath = /bin/sh;
			shellScript = "\"${PODS_ROOT}/Target Support Files/Pods-Diet Science-Diet ScienceUITests/Pods-Diet Science-Diet ScienceUITests-frameworks.sh\"\n";
			showEnvVarsInLog = 0;
		};
		EF420FC2C9C76C0F1A715ED7 /* [CP] Check Pods Manifest.lock */ = {
			isa = PBXShellScriptBuildPhase;
			buildActionMask = 2147483647;
			files = (
			);
			inputFileListPaths = (
			);
			inputPaths = (
				"${PODS_PODFILE_DIR_PATH}/Podfile.lock",
				"${PODS_ROOT}/Manifest.lock",
			);
			name = "[CP] Check Pods Manifest.lock";
			outputFileListPaths = (
			);
			outputPaths = (
				"$(DERIVED_FILE_DIR)/Pods-Diet ScienceTests-checkManifestLockResult.txt",
			);
			runOnlyForDeploymentPostprocessing = 0;
			shellPath = /bin/sh;
			shellScript = "diff \"${PODS_PODFILE_DIR_PATH}/Podfile.lock\" \"${PODS_ROOT}/Manifest.lock\" > /dev/null\nif [ $? != 0 ] ; then\n    # print error to STDERR\n    echo \"error: The sandbox is not in sync with the Podfile.lock. Run 'pod install' or update your CocoaPods installation.\" >&2\n    exit 1\nfi\n# This output is used by Xcode 'outputs' to avoid re-running this script phase.\necho \"SUCCESS\" > \"${SCRIPT_OUTPUT_FILE_0}\"\n";
			showEnvVarsInLog = 0;
		};
/* End PBXShellScriptBuildPhase section */

/* Begin PBXSourcesBuildPhase section */
		5BDD33302462460F0048E424 /* Sources */ = {
			isa = PBXSourcesBuildPhase;
			buildActionMask = 2147483647;
			files = (
				5BDD33382462460F0048E424 /* AppDelegate.swift in Sources */,
				5BDD33A824637A4A0048E424 /* LoggingGroup.swift in Sources */,
				5BDD33BC24648D950048E424 /* EventSample.swift in Sources */,
				5BDD33A024636DD90048E424 /* EventType.swift in Sources */,
				5BDD339D24635F5F0048E424 /* MapView.swift in Sources */,
				5BDD33AC2463823B0048E424 /* Metadata.swift in Sources */,
				5BDD33BF246604C00048E424 /* EventSampleStore.swift in Sources */,
				5BDD33B8246395880048E424 /* CircleImage.swift in Sources */,
				5BDD33A3246374530048E424 /* Scale.swift in Sources */,
				5BDD333A2462460F0048E424 /* SceneDelegate.swift in Sources */,
				5BDD333C2462460F0048E424 /* ContentView.swift in Sources */,
			);
			runOnlyForDeploymentPostprocessing = 0;
		};
		5BDD3346246246130048E424 /* Sources */ = {
			isa = PBXSourcesBuildPhase;
			buildActionMask = 2147483647;
			files = (
				5BDD33C6246620A10048E424 /* EventSampleStore.swift in Sources */,
				5BDD334F246246130048E424 /* Diet_ScienceTests.swift in Sources */,
			);
			runOnlyForDeploymentPostprocessing = 0;
		};
		5BDD3351246246130048E424 /* Sources */ = {
			isa = PBXSourcesBuildPhase;
			buildActionMask = 2147483647;
			files = (
				5BDD33C5246620A10048E424 /* EventSampleStore.swift in Sources */,
				5BDD335A246246130048E424 /* Diet_ScienceUITests.swift in Sources */,
			);
			runOnlyForDeploymentPostprocessing = 0;
		};
		5BDD3369246246140048E424 /* Sources */ = {
			isa = PBXSourcesBuildPhase;
			buildActionMask = 2147483647;
			files = (
				5BDD33BA24639D490048E424 /* OrdinalLogEventView.swift in Sources */,
				5BDD33AF24638C9B0048E424 /* Metadata.swift in Sources */,
				5BDD33C42466209E0048E424 /* EventSampleStore.swift in Sources */,
				5BDD33BD2464911A0048E424 /* EventSample.swift in Sources */,
				5BDD33B024638C9B0048E424 /* EventType.swift in Sources */,
				5BDD33B124638C9B0048E424 /* Scale.swift in Sources */,
				5BDD33B624638FCD0048E424 /* LogGroupView.swift in Sources */,
				5BDD33B224638C9B0048E424 /* LoggingGroup.swift in Sources */,
				5BDD3375246246140048E424 /* HostingController.swift in Sources */,
				5BDD33AE24638C210048E424 /* CircleImage.swift in Sources */,
				5BCD23922473554A0008EBE8 /* Network.swift in Sources */,
				5BDD3373246246140048E424 /* ContentView.swift in Sources */,
				5BCD23962475BBEB0008EBE8 /* DateScalarType.swift in Sources */,
				5BDD33AD24638C0B0048E424 /* LoggingGroupRow.swift in Sources */,
				5BDD3379246246140048E424 /* NotificationController.swift in Sources */,
				5BDD3377246246140048E424 /* ExtensionDelegate.swift in Sources */,
				5BCD239C2475DAD90008EBE8 /* GraphQLEventSampleStore.swift in Sources */,
				5BDD337B246246140048E424 /* NotificationView.swift in Sources */,
				5BCD2394247358240008EBE8 /* API.swift in Sources */,
				5BDD337D246246140048E424 /* ComplicationController.swift in Sources */,
			);
			runOnlyForDeploymentPostprocessing = 0;
		};
/* End PBXSourcesBuildPhase section */

/* Begin PBXTargetDependency section */
		5BDD334C246246130048E424 /* PBXTargetDependency */ = {
			isa = PBXTargetDependency;
			target = 5BDD33332462460F0048E424 /* Diet Science */;
			targetProxy = 5BDD334B246246130048E424 /* PBXContainerItemProxy */;
		};
		5BDD3357246246130048E424 /* PBXTargetDependency */ = {
			isa = PBXTargetDependency;
			target = 5BDD33332462460F0048E424 /* Diet Science */;
			targetProxy = 5BDD3356246246130048E424 /* PBXContainerItemProxy */;
		};
		5BDD3361246246130048E424 /* PBXTargetDependency */ = {
			isa = PBXTargetDependency;
			target = 5BDD335D246246130048E424 /* Diet Science WatchKit App */;
			targetProxy = 5BDD3360246246130048E424 /* PBXContainerItemProxy */;
		};
		5BDD3370246246140048E424 /* PBXTargetDependency */ = {
			isa = PBXTargetDependency;
			target = 5BDD336C246246140048E424 /* Diet Science WatchKit Extension */;
			targetProxy = 5BDD336F246246140048E424 /* PBXContainerItemProxy */;
		};
/* End PBXTargetDependency section */

/* Begin PBXVariantGroup section */
		5BDD3342246246130048E424 /* LaunchScreen.storyboard */ = {
			isa = PBXVariantGroup;
			children = (
				5BDD3343246246130048E424 /* Base */,
			);
			name = LaunchScreen.storyboard;
			sourceTree = "<group>";
		};
		5BDD3363246246130048E424 /* Interface.storyboard */ = {
			isa = PBXVariantGroup;
			children = (
				5BDD3364246246130048E424 /* Base */,
			);
			name = Interface.storyboard;
			sourceTree = "<group>";
		};
/* End PBXVariantGroup section */

/* Begin XCBuildConfiguration section */
		5BDD3385246246150048E424 /* Debug */ = {
			isa = XCBuildConfiguration;
			buildSettings = {
				ALWAYS_EMBED_SWIFT_STANDARD_LIBRARIES = "$(inherited)";
				ALWAYS_SEARCH_USER_PATHS = NO;
				API_BASE_URL = "http://localhost:3000/dev/graphql";
				CLANG_ANALYZER_NONNULL = YES;
				CLANG_ANALYZER_NUMBER_OBJECT_CONVERSION = YES_AGGRESSIVE;
				CLANG_CXX_LANGUAGE_STANDARD = "gnu++14";
				CLANG_CXX_LIBRARY = "libc++";
				CLANG_ENABLE_MODULES = YES;
				CLANG_ENABLE_OBJC_ARC = YES;
				CLANG_ENABLE_OBJC_WEAK = YES;
				CLANG_WARN_BLOCK_CAPTURE_AUTORELEASING = YES;
				CLANG_WARN_BOOL_CONVERSION = YES;
				CLANG_WARN_COMMA = YES;
				CLANG_WARN_CONSTANT_CONVERSION = YES;
				CLANG_WARN_DEPRECATED_OBJC_IMPLEMENTATIONS = YES;
				CLANG_WARN_DIRECT_OBJC_ISA_USAGE = YES_ERROR;
				CLANG_WARN_DOCUMENTATION_COMMENTS = YES;
				CLANG_WARN_EMPTY_BODY = YES;
				CLANG_WARN_ENUM_CONVERSION = YES;
				CLANG_WARN_INFINITE_RECURSION = YES;
				CLANG_WARN_INT_CONVERSION = YES;
				CLANG_WARN_NON_LITERAL_NULL_CONVERSION = YES;
				CLANG_WARN_OBJC_IMPLICIT_RETAIN_SELF = YES;
				CLANG_WARN_OBJC_LITERAL_CONVERSION = YES;
				CLANG_WARN_OBJC_ROOT_CLASS = YES_ERROR;
				CLANG_WARN_RANGE_LOOP_ANALYSIS = YES;
				CLANG_WARN_STRICT_PROTOTYPES = YES;
				CLANG_WARN_SUSPICIOUS_MOVE = YES;
				CLANG_WARN_UNGUARDED_AVAILABILITY = YES_AGGRESSIVE;
				CLANG_WARN_UNREACHABLE_CODE = YES;
				CLANG_WARN__DUPLICATE_METHOD_MATCH = YES;
				COPY_PHASE_STRIP = NO;
				CUSTOM_APP_ICON = AppIconDebug;
				CUSTOM_BUNDLE_ID = "com.fryanpan.diet-science-app";
				DEBUG_INFORMATION_FORMAT = dwarf;
				ENABLE_STRICT_OBJC_MSGSEND = YES;
				ENABLE_TESTABILITY = YES;
				GCC_C_LANGUAGE_STANDARD = gnu11;
				GCC_DYNAMIC_NO_PIC = NO;
				GCC_NO_COMMON_BLOCKS = YES;
				GCC_OPTIMIZATION_LEVEL = 0;
				GCC_PREPROCESSOR_DEFINITIONS = (
					"DEBUG=1",
					"$(inherited)",
				);
				GCC_WARN_64_TO_32_BIT_CONVERSION = YES;
				GCC_WARN_ABOUT_RETURN_TYPE = YES_ERROR;
				GCC_WARN_UNDECLARED_SELECTOR = YES;
				GCC_WARN_UNINITIALIZED_AUTOS = YES_AGGRESSIVE;
				GCC_WARN_UNUSED_FUNCTION = YES;
				GCC_WARN_UNUSED_VARIABLE = YES;
				IPHONEOS_DEPLOYMENT_TARGET = 13.4;
				MTL_ENABLE_DEBUG_INFO = INCLUDE_SOURCE;
				MTL_FAST_MATH = YES;
				ONLY_ACTIVE_ARCH = YES;
				SDKROOT = iphoneos;
				SWIFT_ACTIVE_COMPILATION_CONDITIONS = DEBUG;
				SWIFT_OPTIMIZATION_LEVEL = "-Onone";
			};
			name = Debug;
		};
		5BDD3386246246150048E424 /* Release */ = {
			isa = XCBuildConfiguration;
			buildSettings = {
				ALWAYS_EMBED_SWIFT_STANDARD_LIBRARIES = "$(inherited)";
				ALWAYS_SEARCH_USER_PATHS = NO;
				API_BASE_URL = "https://rt55nfrgcd.execute-api.us-west-1.amazonaws.com/prod/graphql";
				CLANG_ANALYZER_NONNULL = YES;
				CLANG_ANALYZER_NUMBER_OBJECT_CONVERSION = YES_AGGRESSIVE;
				CLANG_CXX_LANGUAGE_STANDARD = "gnu++14";
				CLANG_CXX_LIBRARY = "libc++";
				CLANG_ENABLE_MODULES = YES;
				CLANG_ENABLE_OBJC_ARC = YES;
				CLANG_ENABLE_OBJC_WEAK = YES;
				CLANG_WARN_BLOCK_CAPTURE_AUTORELEASING = YES;
				CLANG_WARN_BOOL_CONVERSION = YES;
				CLANG_WARN_COMMA = YES;
				CLANG_WARN_CONSTANT_CONVERSION = YES;
				CLANG_WARN_DEPRECATED_OBJC_IMPLEMENTATIONS = YES;
				CLANG_WARN_DIRECT_OBJC_ISA_USAGE = YES_ERROR;
				CLANG_WARN_DOCUMENTATION_COMMENTS = YES;
				CLANG_WARN_EMPTY_BODY = YES;
				CLANG_WARN_ENUM_CONVERSION = YES;
				CLANG_WARN_INFINITE_RECURSION = YES;
				CLANG_WARN_INT_CONVERSION = YES;
				CLANG_WARN_NON_LITERAL_NULL_CONVERSION = YES;
				CLANG_WARN_OBJC_IMPLICIT_RETAIN_SELF = YES;
				CLANG_WARN_OBJC_LITERAL_CONVERSION = YES;
				CLANG_WARN_OBJC_ROOT_CLASS = YES_ERROR;
				CLANG_WARN_RANGE_LOOP_ANALYSIS = YES;
				CLANG_WARN_STRICT_PROTOTYPES = YES;
				CLANG_WARN_SUSPICIOUS_MOVE = YES;
				CLANG_WARN_UNGUARDED_AVAILABILITY = YES_AGGRESSIVE;
				CLANG_WARN_UNREACHABLE_CODE = YES;
				CLANG_WARN__DUPLICATE_METHOD_MATCH = YES;
				COPY_PHASE_STRIP = NO;
				CUSTOM_APP_ICON = AppIcon;
				CUSTOM_BUNDLE_ID = "com.fryanpan.diet-science-app";
				DEBUG_INFORMATION_FORMAT = "dwarf-with-dsym";
				ENABLE_NS_ASSERTIONS = NO;
				ENABLE_STRICT_OBJC_MSGSEND = YES;
				GCC_C_LANGUAGE_STANDARD = gnu11;
				GCC_NO_COMMON_BLOCKS = YES;
				GCC_WARN_64_TO_32_BIT_CONVERSION = YES;
				GCC_WARN_ABOUT_RETURN_TYPE = YES_ERROR;
				GCC_WARN_UNDECLARED_SELECTOR = YES;
				GCC_WARN_UNINITIALIZED_AUTOS = YES_AGGRESSIVE;
				GCC_WARN_UNUSED_FUNCTION = YES;
				GCC_WARN_UNUSED_VARIABLE = YES;
				IPHONEOS_DEPLOYMENT_TARGET = 13.4;
				MTL_ENABLE_DEBUG_INFO = NO;
				MTL_FAST_MATH = YES;
				SDKROOT = iphoneos;
				SWIFT_COMPILATION_MODE = wholemodule;
				SWIFT_OPTIMIZATION_LEVEL = "-O";
				VALIDATE_PRODUCT = YES;
			};
			name = Release;
		};
		5BDD3388246246150048E424 /* Debug */ = {
			isa = XCBuildConfiguration;
			baseConfigurationReference = 22F1236EC3319D2BD649B4BC /* Pods-Diet Science WatchKit Extension.debug.xcconfig */;
			buildSettings = {
				ALWAYS_EMBED_SWIFT_STANDARD_LIBRARIES = "$(inherited)";
				ASSETCATALOG_COMPILER_COMPLICATION_NAME = Complication;
				CODE_SIGN_STYLE = Automatic;
				DEVELOPMENT_ASSET_PATHS = "\"Diet Science WatchKit Extension/Preview Content\"";
				DEVELOPMENT_TEAM = NEY29E9XHD;
				ENABLE_PREVIEWS = YES;
				INFOPLIST_FILE = "Diet Science WatchKit Extension/Info.plist";
				LD_RUNPATH_SEARCH_PATHS = (
					"$(inherited)",
					"@executable_path/Frameworks",
					"@executable_path/../../Frameworks",
				);
				PRODUCT_BUNDLE_IDENTIFIER = "$(CUSTOM_BUNDLE_ID).watchkitapp.watchkitextension";
				PRODUCT_NAME = "${TARGET_NAME}";
				SDKROOT = watchos;
				SKIP_INSTALL = YES;
				SPREADSHEET_URL = "https://script.google.com/macros/s/AKfycbyVSCMp5ix4QyWrqz2gVtqtKLtwzo10lnk7Ta3l7OMR0KMBmX0/exec?";
				SWIFT_VERSION = 5.0;
				TARGETED_DEVICE_FAMILY = 4;
				WATCHOS_DEPLOYMENT_TARGET = 6.2;
			};
			name = Debug;
		};
		5BDD3389246246150048E424 /* Release */ = {
			isa = XCBuildConfiguration;
			baseConfigurationReference = 83360FA1027F363BD215CE66 /* Pods-Diet Science WatchKit Extension.release.xcconfig */;
			buildSettings = {
				ALWAYS_EMBED_SWIFT_STANDARD_LIBRARIES = "$(inherited)";
				ASSETCATALOG_COMPILER_COMPLICATION_NAME = Complication;
				CODE_SIGN_STYLE = Automatic;
				DEVELOPMENT_ASSET_PATHS = "\"Diet Science WatchKit Extension/Preview Content\"";
				DEVELOPMENT_TEAM = NEY29E9XHD;
				ENABLE_PREVIEWS = YES;
				INFOPLIST_FILE = "Diet Science WatchKit Extension/Info.plist";
				LD_RUNPATH_SEARCH_PATHS = (
					"$(inherited)",
					"@executable_path/Frameworks",
					"@executable_path/../../Frameworks",
				);
				PRODUCT_BUNDLE_IDENTIFIER = "$(CUSTOM_BUNDLE_ID).watchkitapp.watchkitextension";
				PRODUCT_NAME = "${TARGET_NAME}";
				SDKROOT = watchos;
				SKIP_INSTALL = YES;
				SPREADSHEET_URL = "https://script.google.com/macros/s/AKfycbzgrA63c-fOhK_DoN-YnYfW21wENfgUjmmXeweHGepm7eHNR9To/exec?";
				SWIFT_VERSION = 5.0;
				TARGETED_DEVICE_FAMILY = 4;
				WATCHOS_DEPLOYMENT_TARGET = 6.2;
			};
			name = Release;
		};
		5BDD338C246246150048E424 /* Debug */ = {
			isa = XCBuildConfiguration;
			baseConfigurationReference = 291AAE7EB070BE1A07CF0E5C /* Pods-Diet Science WatchKit App.debug.xcconfig */;
			buildSettings = {
				ALWAYS_EMBED_SWIFT_STANDARD_LIBRARIES = "$(inherited)";
				ASSETCATALOG_COMPILER_APPICON_NAME = "${CUSTOM_APP_ICON}";
				CODE_SIGN_IDENTITY = "iPhone Developer";
				CODE_SIGN_STYLE = Manual;
				DEVELOPMENT_TEAM = NEY29E9XHD;
				IBSC_MODULE = Diet_Science_WatchKit_Extension;
				INFOPLIST_FILE = "Diet Science WatchKit App/Info.plist";
				PRODUCT_BUNDLE_IDENTIFIER = "$(CUSTOM_BUNDLE_ID).watchkitapp";
				PRODUCT_NAME = "$(TARGET_NAME)";
				PROVISIONING_PROFILE_SPECIFIER = "Diet Science WatchKit App Provisioning Profile";
				SDKROOT = watchos;
				SKIP_INSTALL = YES;
				SWIFT_VERSION = 5.0;
				TARGETED_DEVICE_FAMILY = 4;
				WATCHOS_DEPLOYMENT_TARGET = 6.2;
			};
			name = Debug;
		};
		5BDD338D246246150048E424 /* Release */ = {
			isa = XCBuildConfiguration;
			baseConfigurationReference = ABBA6189569201285A0B5452 /* Pods-Diet Science WatchKit App.release.xcconfig */;
			buildSettings = {
				ALWAYS_EMBED_SWIFT_STANDARD_LIBRARIES = "$(inherited)";
				ASSETCATALOG_COMPILER_APPICON_NAME = "${CUSTOM_APP_ICON}";
				CODE_SIGN_IDENTITY = "iPhone Developer";
				CODE_SIGN_STYLE = Manual;
				DEVELOPMENT_TEAM = NEY29E9XHD;
				IBSC_MODULE = Diet_Science_WatchKit_Extension;
				INFOPLIST_FILE = "Diet Science WatchKit App/Info.plist";
				PRODUCT_BUNDLE_IDENTIFIER = "$(CUSTOM_BUNDLE_ID).watchkitapp";
				PRODUCT_NAME = "$(TARGET_NAME)";
				PROVISIONING_PROFILE_SPECIFIER = "Diet Science WatchKit App Provisioning Profile";
				SDKROOT = watchos;
				SKIP_INSTALL = YES;
				SWIFT_VERSION = 5.0;
				TARGETED_DEVICE_FAMILY = 4;
				WATCHOS_DEPLOYMENT_TARGET = 6.2;
			};
			name = Release;
		};
		5BDD3390246246150048E424 /* Debug */ = {
			isa = XCBuildConfiguration;
			baseConfigurationReference = DF6598CEE4975579A3F440F2 /* Pods-Diet Science.debug.xcconfig */;
			buildSettings = {
				ALWAYS_EMBED_SWIFT_STANDARD_LIBRARIES = "$(inherited)";
				ASSETCATALOG_COMPILER_APPICON_NAME = "${CUSTOM_APP_ICON}";
				CODE_SIGN_IDENTITY = "iPhone Developer";
				CODE_SIGN_STYLE = Manual;
				DEVELOPMENT_ASSET_PATHS = "\"Diet Science/Preview Content\"";
				DEVELOPMENT_TEAM = NEY29E9XHD;
				ENABLE_PREVIEWS = YES;
				INFOPLIST_FILE = "Diet Science/Info.plist";
				LD_RUNPATH_SEARCH_PATHS = (
					"$(inherited)",
					"@executable_path/Frameworks",
				);
				PRODUCT_BUNDLE_IDENTIFIER = "$(CUSTOM_BUNDLE_ID)";
				PRODUCT_NAME = "$(TARGET_NAME)";
				PROVISIONING_PROFILE_SPECIFIER = "Diet Science Provisioning Profile";
				SWIFT_VERSION = 5.0;
				TARGETED_DEVICE_FAMILY = "1,2";
			};
			name = Debug;
		};
		5BDD3391246246150048E424 /* Release */ = {
			isa = XCBuildConfiguration;
			baseConfigurationReference = D0C0096AFCDDE1BBB5E56F78 /* Pods-Diet Science.release.xcconfig */;
			buildSettings = {
				ALWAYS_EMBED_SWIFT_STANDARD_LIBRARIES = "$(inherited)";
				ASSETCATALOG_COMPILER_APPICON_NAME = "${CUSTOM_APP_ICON}";
				CODE_SIGN_IDENTITY = "iPhone Developer";
				CODE_SIGN_STYLE = Manual;
				DEVELOPMENT_ASSET_PATHS = "\"Diet Science/Preview Content\"";
				DEVELOPMENT_TEAM = NEY29E9XHD;
				ENABLE_PREVIEWS = YES;
				INFOPLIST_FILE = "Diet Science/Info.plist";
				LD_RUNPATH_SEARCH_PATHS = (
					"$(inherited)",
					"@executable_path/Frameworks",
				);
				PRODUCT_BUNDLE_IDENTIFIER = "$(CUSTOM_BUNDLE_ID)";
				PRODUCT_NAME = "$(TARGET_NAME)";
				PROVISIONING_PROFILE_SPECIFIER = "Diet Science Provisioning Profile";
				SWIFT_VERSION = 5.0;
				TARGETED_DEVICE_FAMILY = "1,2";
			};
			name = Release;
		};
		5BDD3393246246150048E424 /* Debug */ = {
			isa = XCBuildConfiguration;
			baseConfigurationReference = DE89325D71D99083C3BA4B70 /* Pods-Diet ScienceTests.debug.xcconfig */;
			buildSettings = {
				ALWAYS_EMBED_SWIFT_STANDARD_LIBRARIES = "$(inherited)";
				BUNDLE_LOADER = "$(TEST_HOST)";
				CODE_SIGN_STYLE = Automatic;
				DEVELOPMENT_TEAM = NEY29E9XHD;
				INFOPLIST_FILE = "Diet ScienceTests/Info.plist";
				IPHONEOS_DEPLOYMENT_TARGET = 13.4;
				LD_RUNPATH_SEARCH_PATHS = (
					"$(inherited)",
					"@executable_path/Frameworks",
					"@loader_path/Frameworks",
				);
				PRODUCT_BUNDLE_IDENTIFIER = "com.fryanpan.Diet-ScienceTests";
				PRODUCT_NAME = "$(TARGET_NAME)";
				SWIFT_VERSION = 5.0;
				TARGETED_DEVICE_FAMILY = "1,2";
				TEST_HOST = "$(BUILT_PRODUCTS_DIR)/Diet Science.app/Diet Science";
			};
			name = Debug;
		};
		5BDD3394246246150048E424 /* Release */ = {
			isa = XCBuildConfiguration;
			baseConfigurationReference = FE8E9F1F6FE8A0122A43634E /* Pods-Diet ScienceTests.release.xcconfig */;
			buildSettings = {
				ALWAYS_EMBED_SWIFT_STANDARD_LIBRARIES = "$(inherited)";
				BUNDLE_LOADER = "$(TEST_HOST)";
				CODE_SIGN_STYLE = Automatic;
				DEVELOPMENT_TEAM = NEY29E9XHD;
				INFOPLIST_FILE = "Diet ScienceTests/Info.plist";
				IPHONEOS_DEPLOYMENT_TARGET = 13.4;
				LD_RUNPATH_SEARCH_PATHS = (
					"$(inherited)",
					"@executable_path/Frameworks",
					"@loader_path/Frameworks",
				);
				PRODUCT_BUNDLE_IDENTIFIER = "com.fryanpan.Diet-ScienceTests";
				PRODUCT_NAME = "$(TARGET_NAME)";
				SWIFT_VERSION = 5.0;
				TARGETED_DEVICE_FAMILY = "1,2";
				TEST_HOST = "$(BUILT_PRODUCTS_DIR)/Diet Science.app/Diet Science";
			};
			name = Release;
		};
		5BDD3396246246150048E424 /* Debug */ = {
			isa = XCBuildConfiguration;
			baseConfigurationReference = 83A7102538C75DEEBCE4A805 /* Pods-Diet Science-Diet ScienceUITests.debug.xcconfig */;
			buildSettings = {
				ALWAYS_EMBED_SWIFT_STANDARD_LIBRARIES = "$(inherited)";
				CODE_SIGN_STYLE = Automatic;
				DEVELOPMENT_TEAM = NEY29E9XHD;
				INFOPLIST_FILE = "Diet ScienceUITests/Info.plist";
				LD_RUNPATH_SEARCH_PATHS = (
					"$(inherited)",
					"@executable_path/Frameworks",
					"@loader_path/Frameworks",
				);
				PRODUCT_BUNDLE_IDENTIFIER = "com.fryanpan.Diet-ScienceUITests";
				PRODUCT_NAME = "$(TARGET_NAME)";
				SWIFT_VERSION = 5.0;
				TARGETED_DEVICE_FAMILY = "1,2";
				TEST_TARGET_NAME = "Diet Science";
			};
			name = Debug;
		};
		5BDD3397246246150048E424 /* Release */ = {
			isa = XCBuildConfiguration;
			baseConfigurationReference = 091D1421AD26051FA0A1CA49 /* Pods-Diet Science-Diet ScienceUITests.release.xcconfig */;
			buildSettings = {
				ALWAYS_EMBED_SWIFT_STANDARD_LIBRARIES = "$(inherited)";
				CODE_SIGN_STYLE = Automatic;
				DEVELOPMENT_TEAM = NEY29E9XHD;
				INFOPLIST_FILE = "Diet ScienceUITests/Info.plist";
				LD_RUNPATH_SEARCH_PATHS = (
					"$(inherited)",
					"@executable_path/Frameworks",
					"@loader_path/Frameworks",
				);
				PRODUCT_BUNDLE_IDENTIFIER = "com.fryanpan.Diet-ScienceUITests";
				PRODUCT_NAME = "$(TARGET_NAME)";
				SWIFT_VERSION = 5.0;
				TARGETED_DEVICE_FAMILY = "1,2";
				TEST_TARGET_NAME = "Diet Science";
			};
			name = Release;
		};
/* End XCBuildConfiguration section */

/* Begin XCConfigurationList section */
		5BDD332F2462460F0048E424 /* Build configuration list for PBXProject "Diet Science" */ = {
			isa = XCConfigurationList;
			buildConfigurations = (
				5BDD3385246246150048E424 /* Debug */,
				5BDD3386246246150048E424 /* Release */,
			);
			defaultConfigurationIsVisible = 0;
			defaultConfigurationName = Release;
		};
		5BDD3387246246150048E424 /* Build configuration list for PBXNativeTarget "Diet Science WatchKit Extension" */ = {
			isa = XCConfigurationList;
			buildConfigurations = (
				5BDD3388246246150048E424 /* Debug */,
				5BDD3389246246150048E424 /* Release */,
			);
			defaultConfigurationIsVisible = 0;
			defaultConfigurationName = Release;
		};
		5BDD338B246246150048E424 /* Build configuration list for PBXNativeTarget "Diet Science WatchKit App" */ = {
			isa = XCConfigurationList;
			buildConfigurations = (
				5BDD338C246246150048E424 /* Debug */,
				5BDD338D246246150048E424 /* Release */,
			);
			defaultConfigurationIsVisible = 0;
			defaultConfigurationName = Release;
		};
		5BDD338F246246150048E424 /* Build configuration list for PBXNativeTarget "Diet Science" */ = {
			isa = XCConfigurationList;
			buildConfigurations = (
				5BDD3390246246150048E424 /* Debug */,
				5BDD3391246246150048E424 /* Release */,
			);
			defaultConfigurationIsVisible = 0;
			defaultConfigurationName = Release;
		};
		5BDD3392246246150048E424 /* Build configuration list for PBXNativeTarget "Diet ScienceTests" */ = {
			isa = XCConfigurationList;
			buildConfigurations = (
				5BDD3393246246150048E424 /* Debug */,
				5BDD3394246246150048E424 /* Release */,
			);
			defaultConfigurationIsVisible = 0;
			defaultConfigurationName = Release;
		};
		5BDD3395246246150048E424 /* Build configuration list for PBXNativeTarget "Diet ScienceUITests" */ = {
			isa = XCConfigurationList;
			buildConfigurations = (
				5BDD3396246246150048E424 /* Debug */,
				5BDD3397246246150048E424 /* Release */,
			);
			defaultConfigurationIsVisible = 0;
			defaultConfigurationName = Release;
		};
/* End XCConfigurationList section */
	};
	rootObject = 5BDD332C2462460F0048E424 /* Project object */;
}
